{
  "object": {
    "pins": [
      {
        "package": "SCScrollView",
        "repositoryURL": "git@github.com:Sidetalker/SCScrollView.git",
        "state": {
          "branch": "spm-support",
          "revision": "c2d16eacc23639dea347b334a6fe9d289599f851",
          "version": null
        }
      }
    ]
  },
  "version": 1
}
